
Microsoft Visual Studio Solution File, Format Version 12.00
# Visual Studio 15
VisualStudioVersion = 15.0.27703.2000
MinimumVisualStudioVersion = 10.0.40219.1
Project("{FAE04EC0-301F-11D3-BF4B-00C04F79EFBC}") = "ECOLOG_Mobile_App", "ECOLOG_Mobile_App\ECOLOG_Mobile_App\ECOLOG_Mobile_App.csproj", "{B37E1871-15C7-4FAE-A9E2-9EE9E4D87BE8}"
EndProject
Project("{FAE04EC0-301F-11D3-BF4B-00C04F79EFBC}") = "ECOLOG_Mobile_App.Android", "ECOLOG_Mobile_App\ECOLOG_Mobile_App.Android\ECOLOG_Mobile_App.Android.csproj", "{F09E9F81-3283-499E-90C6-59B166BA95CA}"
EndProject
Project("{FAE04EC0-301F-11D3-BF4B-00C04F79EFBC}") = "ECOLOG_Mobile_App.iOS", "ECOLOG_Mobile_App\ECOLOG_Mobile_App.iOS\ECOLOG_Mobile_App.iOS.csproj", "{8541B09E-6EB3-44AA-84A5-323938015999}"
EndProject
Project("{FAE04EC0-301F-11D3-BF4B-00C04F79EFBC}") = "ECOLOG_Mobile_App.UWP", "ECOLOG_Mobile_App\ECOLOG_Mobile_App.UWP\ECOLOG_Mobile_App.UWP.csproj", "{3E272E25-EF2C-4A09-A8BC-4D20C6DAD96F}"
EndProject
Global
	GlobalSection(SolutionConfigurationPlatforms) = preSolution
		Ad-Hoc|Any CPU = Ad-Hoc|Any CPU
		Ad-Hoc|ARM = Ad-Hoc|ARM
		Ad-Hoc|iPhone = Ad-Hoc|iPhone
		Ad-Hoc|iPhoneSimulator = Ad-Hoc|iPhoneSimulator
		Ad-Hoc|x64 = Ad-Hoc|x64
		Ad-Hoc|x86 = Ad-Hoc|x86
		AppStore|Any CPU = AppStore|Any CPU
		AppStore|ARM = AppStore|ARM
		AppStore|iPhone = AppStore|iPhone
		AppStore|iPhoneSimulator = AppStore|iPhoneSimulator
		AppStore|x64 = AppStore|x64
		AppStore|x86 = AppStore|x86
		Debug|Any CPU = Debug|Any CPU
		Debug|ARM = Debug|ARM
		Debug|iPhone = Debug|iPhone
		Debug|iPhoneSimulator = Debug|iPhoneSimulator
		Debug|x64 = Debug|x64
		Debug|x86 = Debug|x86
		Release|Any CPU = Release|Any CPU
		Release|ARM = Release|ARM
		Release|iPhone = Release|iPhone
		Release|iPhoneSimulator = Release|iPhoneSimulator
		Release|x64 = Release|x64
		Release|x86 = Release|x86
	EndGlobalSection
	GlobalSection(ProjectConfigurationPlatforms) = postSolution
		{B37E1871-15C7-4FAE-A9E2-9EE9E4D87BE8}.Ad-Hoc|Any CPU.ActiveCfg = Debug|Any CPU
		{B37E1871-15C7-4FAE-A9E2-9EE9E4D87BE8}.Ad-Hoc|Any CPU.Build.0 = Debug|Any CPU
		{B37E1871-15C7-4FAE-A9E2-9EE9E4D87BE8}.Ad-Hoc|ARM.ActiveCfg = Debug|Any CPU
		{B37E1871-15C7-4FAE-A9E2-9EE9E4D87BE8}.Ad-Hoc|ARM.Build.0 = Debug|Any CPU
		{B37E1871-15C7-4FAE-A9E2-9EE9E4D87BE8}.Ad-Hoc|iPhone.ActiveCfg = Debug|Any CPU
		{B37E1871-15C7-4FAE-A9E2-9EE9E4D87BE8}.Ad-Hoc|iPhone.Build.0 = Debug|Any CPU
		{B37E1871-15C7-4FAE-A9E2-9EE9E4D87BE8}.Ad-Hoc|iPhoneSimulator.ActiveCfg = Debug|Any CPU
		{B37E1871-15C7-4FAE-A9E2-9EE9E4D87BE8}.Ad-Hoc|iPhoneSimulator.Build.0 = Debug|Any CPU
		{B37E1871-15C7-4FAE-A9E2-9EE9E4D87BE8}.Ad-Hoc|x64.ActiveCfg = Debug|Any CPU
		{B37E1871-15C7-4FAE-A9E2-9EE9E4D87BE8}.Ad-Hoc|x64.Build.0 = Debug|Any CPU
		{B37E1871-15C7-4FAE-A9E2-9EE9E4D87BE8}.Ad-Hoc|x86.ActiveCfg = Debug|Any CPU
		{B37E1871-15C7-4FAE-A9E2-9EE9E4D87BE8}.Ad-Hoc|x86.Build.0 = Debug|Any CPU
		{B37E1871-15C7-4FAE-A9E2-9EE9E4D87BE8}.AppStore|Any CPU.ActiveCfg = Debug|Any CPU
		{B37E1871-15C7-4FAE-A9E2-9EE9E4D87BE8}.AppStore|Any CPU.Build.0 = Debug|Any CPU
		{B37E1871-15C7-4FAE-A9E2-9EE9E4D87BE8}.AppStore|ARM.ActiveCfg = Debug|Any CPU
		{B37E1871-15C7-4FAE-A9E2-9EE9E4D87BE8}.AppStore|ARM.Build.0 = Debug|Any CPU
		{B37E1871-15C7-4FAE-A9E2-9EE9E4D87BE8}.AppStore|iPhone.ActiveCfg = Debug|Any CPU
		{B37E1871-15C7-4FAE-A9E2-9EE9E4D87BE8}.AppStore|iPhone.Build.0 = Debug|Any CPU
		{B37E1871-15C7-4FAE-A9E2-9EE9E4D87BE8}.AppStore|iPhoneSimulator.ActiveCfg = Debug|Any CPU
		{B37E1871-15C7-4FAE-A9E2-9EE9E4D87BE8}.AppStore|iPhoneSimulator.Build.0 = Debug|Any CPU
		{B37E1871-15C7-4FAE-A9E2-9EE9E4D87BE8}.AppStore|x64.ActiveCfg = Debug|Any CPU
		{B37E1871-15C7-4FAE-A9E2-9EE9E4D87BE8}.AppStore|x64.Build.0 = Debug|Any CPU
		{B37E1871-15C7-4FAE-A9E2-9EE9E4D87BE8}.AppStore|x86.ActiveCfg = Debug|Any CPU
		{B37E1871-15C7-4FAE-A9E2-9EE9E4D87BE8}.AppStore|x86.Build.0 = Debug|Any CPU
		{B37E1871-15C7-4FAE-A9E2-9EE9E4D87BE8}.Debug|Any CPU.ActiveCfg = Debug|Any CPU
		{B37E1871-15C7-4FAE-A9E2-9EE9E4D87BE8}.Debug|Any CPU.Build.0 = Debug|Any CPU
		{B37E1871-15C7-4FAE-A9E2-9EE9E4D87BE8}.Debug|ARM.ActiveCfg = Debug|Any CPU
		{B37E1871-15C7-4FAE-A9E2-9EE9E4D87BE8}.Debug|ARM.Build.0 = Debug|Any CPU
		{B37E1871-15C7-4FAE-A9E2-9EE9E4D87BE8}.Debug|iPhone.ActiveCfg = Debug|Any CPU
		{B37E1871-15C7-4FAE-A9E2-9EE9E4D87BE8}.Debug|iPhone.Build.0 = Debug|Any CPU
		{B37E1871-15C7-4FAE-A9E2-9EE9E4D87BE8}.Debug|iPhoneSimulator.ActiveCfg = Debug|Any CPU
		{B37E1871-15C7-4FAE-A9E2-9EE9E4D87BE8}.Debug|iPhoneSimulator.Build.0 = Debug|Any CPU
		{B37E1871-15C7-4FAE-A9E2-9EE9E4D87BE8}.Debug|x64.ActiveCfg = Debug|Any CPU
		{B37E1871-15C7-4FAE-A9E2-9EE9E4D87BE8}.Debug|x64.Build.0 = Debug|Any CPU
		{B37E1871-15C7-4FAE-A9E2-9EE9E4D87BE8}.Debug|x86.ActiveCfg = Debug|Any CPU
		{B37E1871-15C7-4FAE-A9E2-9EE9E4D87BE8}.Debug|x86.Build.0 = Debug|Any CPU
		{B37E1871-15C7-4FAE-A9E2-9EE9E4D87BE8}.Release|Any CPU.ActiveCfg = Release|Any CPU
		{B37E1871-15C7-4FAE-A9E2-9EE9E4D87BE8}.Release|Any CPU.Build.0 = Release|Any CPU
		{B37E1871-15C7-4FAE-A9E2-9EE9E4D87BE8}.Release|ARM.ActiveCfg = Release|Any CPU
		{B37E1871-15C7-4FAE-A9E2-9EE9E4D87BE8}.Release|ARM.Build.0 = Release|Any CPU
		{B37E1871-15C7-4FAE-A9E2-9EE9E4D87BE8}.Release|iPhone.ActiveCfg = Release|Any CPU
		{B37E1871-15C7-4FAE-A9E2-9EE9E4D87BE8}.Release|iPhone.Build.0 = Release|Any CPU
		{B37E1871-15C7-4FAE-A9E2-9EE9E4D87BE8}.Release|iPhoneSimulator.ActiveCfg = Release|Any CPU
		{B37E1871-15C7-4FAE-A9E2-9EE9E4D87BE8}.Release|iPhoneSimulator.Build.0 = Release|Any CPU
		{B37E1871-15C7-4FAE-A9E2-9EE9E4D87BE8}.Release|x64.ActiveCfg = Release|Any CPU
		{B37E1871-15C7-4FAE-A9E2-9EE9E4D87BE8}.Release|x64.Build.0 = Release|Any CPU
		{B37E1871-15C7-4FAE-A9E2-9EE9E4D87BE8}.Release|x86.ActiveCfg = Release|Any CPU
		{B37E1871-15C7-4FAE-A9E2-9EE9E4D87BE8}.Release|x86.Build.0 = Release|Any CPU
		{F09E9F81-3283-499E-90C6-59B166BA95CA}.Ad-Hoc|Any CPU.ActiveCfg = Release|Any CPU
		{F09E9F81-3283-499E-90C6-59B166BA95CA}.Ad-Hoc|Any CPU.Build.0 = Release|Any CPU
		{F09E9F81-3283-499E-90C6-59B166BA95CA}.Ad-Hoc|Any CPU.Deploy.0 = Release|Any CPU
		{F09E9F81-3283-499E-90C6-59B166BA95CA}.Ad-Hoc|ARM.ActiveCfg = Release|Any CPU
		{F09E9F81-3283-499E-90C6-59B166BA95CA}.Ad-Hoc|ARM.Build.0 = Release|Any CPU
		{F09E9F81-3283-499E-90C6-59B166BA95CA}.Ad-Hoc|ARM.Deploy.0 = Release|Any CPU
		{F09E9F81-3283-499E-90C6-59B166BA95CA}.Ad-Hoc|iPhone.ActiveCfg = Release|Any CPU
		{F09E9F81-3283-499E-90C6-59B166BA95CA}.Ad-Hoc|iPhone.Build.0 = Release|Any CPU
		{F09E9F81-3283-499E-90C6-59B166BA95CA}.Ad-Hoc|iPhone.Deploy.0 = Release|Any CPU
		{F09E9F81-3283-499E-90C6-59B166BA95CA}.Ad-Hoc|iPhoneSimulator.ActiveCfg = Release|Any CPU
		{F09E9F81-3283-499E-90C6-59B166BA95CA}.Ad-Hoc|iPhoneSimulator.Build.0 = Release|Any CPU
		{F09E9F81-3283-499E-90C6-59B166BA95CA}.Ad-Hoc|iPhoneSimulator.Deploy.0 = Release|Any CPU
		{F09E9F81-3283-499E-90C6-59B166BA95CA}.Ad-Hoc|x64.ActiveCfg = Release|Any CPU
		{F09E9F81-3283-499E-90C6-59B166BA95CA}.Ad-Hoc|x64.Build.0 = Release|Any CPU
		{F09E9F81-3283-499E-90C6-59B166BA95CA}.Ad-Hoc|x64.Deploy.0 = Release|Any CPU
		{F09E9F81-3283-499E-90C6-59B166BA95CA}.Ad-Hoc|x86.ActiveCfg = Release|Any CPU
		{F09E9F81-3283-499E-90C6-59B166BA95CA}.Ad-Hoc|x86.Build.0 = Release|Any CPU
		{F09E9F81-3283-499E-90C6-59B166BA95CA}.Ad-Hoc|x86.Deploy.0 = Release|Any CPU
		{F09E9F81-3283-499E-90C6-59B166BA95CA}.AppStore|Any CPU.ActiveCfg = Release|Any CPU
		{F09E9F81-3283-499E-90C6-59B166BA95CA}.AppStore|Any CPU.Build.0 = Release|Any CPU
		{F09E9F81-3283-499E-90C6-59B166BA95CA}.AppStore|Any CPU.Deploy.0 = Release|Any CPU
		{F09E9F81-3283-499E-90C6-59B166BA95CA}.AppStore|ARM.ActiveCfg = Release|Any CPU
		{F09E9F81-3283-499E-90C6-59B166BA95CA}.AppStore|ARM.Build.0 = Release|Any CPU
		{F09E9F81-3283-499E-90C6-59B166BA95CA}.AppStore|ARM.Deploy.0 = Release|Any CPU
		{F09E9F81-3283-499E-90C6-59B166BA95CA}.AppStore|iPhone.ActiveCfg = Release|Any CPU
		{F09E9F81-3283-499E-90C6-59B166BA95CA}.AppStore|iPhone.Build.0 = Release|Any CPU
		{F09E9F81-3283-499E-90C6-59B166BA95CA}.AppStore|iPhone.Deploy.0 = Release|Any CPU
		{F09E9F81-3283-499E-90C6-59B166BA95CA}.AppStore|iPhoneSimulator.ActiveCfg = Release|Any CPU
		{F09E9F81-3283-499E-90C6-59B166BA95CA}.AppStore|iPhoneSimulator.Build.0 = Release|Any CPU
		{F09E9F81-3283-499E-90C6-59B166BA95CA}.AppStore|iPhoneSimulator.Deploy.0 = Release|Any CPU
		{F09E9F81-3283-499E-90C6-59B166BA95CA}.AppStore|x64.ActiveCfg = Release|Any CPU
		{F09E9F81-3283-499E-90C6-59B166BA95CA}.AppStore|x64.Build.0 = Release|Any CPU
		{F09E9F81-3283-499E-90C6-59B166BA95CA}.AppStore|x64.Deploy.0 = Release|Any CPU
		{F09E9F81-3283-499E-90C6-59B166BA95CA}.AppStore|x86.ActiveCfg = Release|Any CPU
		{F09E9F81-3283-499E-90C6-59B166BA95CA}.AppStore|x86.Build.0 = Release|Any CPU
		{F09E9F81-3283-499E-90C6-59B166BA95CA}.AppStore|x86.Deploy.0 = Release|Any CPU
		{F09E9F81-3283-499E-90C6-59B166BA95CA}.Debug|Any CPU.ActiveCfg = Debug|Any CPU
		{F09E9F81-3283-499E-90C6-59B166BA95CA}.Debug|Any CPU.Build.0 = Debug|Any CPU
		{F09E9F81-3283-499E-90C6-59B166BA95CA}.Debug|Any CPU.Deploy.0 = Debug|Any CPU
		{F09E9F81-3283-499E-90C6-59B166BA95CA}.Debug|ARM.ActiveCfg = Debug|Any CPU
		{F09E9F81-3283-499E-90C6-59B166BA95CA}.Debug|ARM.Build.0 = Debug|Any CPU
		{F09E9F81-3283-499E-90C6-59B166BA95CA}.Debug|ARM.Deploy.0 = Debug|Any CPU
		{F09E9F81-3283-499E-90C6-59B166BA95CA}.Debug|iPhone.ActiveCfg = Debug|Any CPU
		{F09E9F81-3283-499E-90C6-59B166BA95CA}.Debug|iPhone.Build.0 = Debug|Any CPU
		{F09E9F81-3283-499E-90C6-59B166BA95CA}.Debug|iPhone.Deploy.0 = Debug|Any CPU
		{F09E9F81-3283-499E-90C6-59B166BA95CA}.Debug|iPhoneSimulator.ActiveCfg = Debug|Any CPU
		{F09E9F81-3283-499E-90C6-59B166BA95CA}.Debug|iPhoneSimulator.Build.0 = Debug|Any CPU
		{F09E9F81-3283-499E-90C6-59B166BA95CA}.Debug|iPhoneSimulator.Deploy.0 = Debug|Any CPU
		{F09E9F81-3283-499E-90C6-59B166BA95CA}.Debug|x64.ActiveCfg = Debug|Any CPU
		{F09E9F81-3283-499E-90C6-59B166BA95CA}.Debug|x64.Build.0 = Debug|Any CPU
		{F09E9F81-3283-499E-90C6-59B166BA95CA}.Debug|x64.Deploy.0 = Debug|Any CPU
		{F09E9F81-3283-499E-90C6-59B166BA95CA}.Debug|x86.ActiveCfg = Debug|Any CPU
		{F09E9F81-3283-499E-90C6-59B166BA95CA}.Debug|x86.Build.0 = Debug|Any CPU
		{F09E9F81-3283-499E-90C6-59B166BA95CA}.Debug|x86.Deploy.0 = Debug|Any CPU
		{F09E9F81-3283-499E-90C6-59B166BA95CA}.Release|Any CPU.ActiveCfg = Release|Any CPU
		{F09E9F81-3283-499E-90C6-59B166BA95CA}.Release|Any CPU.Build.0 = Release|Any CPU
		{F09E9F81-3283-499E-90C6-59B166BA95CA}.Release|Any CPU.Deploy.0 = Release|Any CPU
		{F09E9F81-3283-499E-90C6-59B166BA95CA}.Release|ARM.ActiveCfg = Release|Any CPU
		{F09E9F81-3283-499E-90C6-59B166BA95CA}.Release|ARM.Build.0 = Release|Any CPU
		{F09E9F81-3283-499E-90C6-59B166BA95CA}.Release|ARM.Deploy.0 = Release|Any CPU
		{F09E9F81-3283-499E-90C6-59B166BA95CA}.Release|iPhone.ActiveCfg = Release|Any CPU
		{F09E9F81-3283-499E-90C6-59B166BA95CA}.Release|iPhone.Build.0 = Release|Any CPU
		{F09E9F81-3283-499E-90C6-59B166BA95CA}.Release|iPhone.Deploy.0 = Release|Any CPU
		{F09E9F81-3283-499E-90C6-59B166BA95CA}.Release|iPhoneSimulator.ActiveCfg = Release|Any CPU
		{F09E9F81-3283-499E-90C6-59B166BA95CA}.Release|iPhoneSimulator.Build.0 = Release|Any CPU
		{F09E9F81-3283-499E-90C6-59B166BA95CA}.Release|iPhoneSimulator.Deploy.0 = Release|Any CPU
		{F09E9F81-3283-499E-90C6-59B166BA95CA}.Release|x64.ActiveCfg = Release|Any CPU
		{F09E9F81-3283-499E-90C6-59B166BA95CA}.Release|x64.Build.0 = Release|Any CPU
		{F09E9F81-3283-499E-90C6-59B166BA95CA}.Release|x64.Deploy.0 = Release|Any CPU
		{F09E9F81-3283-499E-90C6-59B166BA95CA}.Release|x86.ActiveCfg = Release|Any CPU
		{F09E9F81-3283-499E-90C6-59B166BA95CA}.Release|x86.Build.0 = Release|Any CPU
		{F09E9F81-3283-499E-90C6-59B166BA95CA}.Release|x86.Deploy.0 = Release|Any CPU
		{8541B09E-6EB3-44AA-84A5-323938015999}.Ad-Hoc|Any CPU.ActiveCfg = Ad-Hoc|iPhone
		{8541B09E-6EB3-44AA-84A5-323938015999}.Ad-Hoc|ARM.ActiveCfg = Ad-Hoc|iPhone
		{8541B09E-6EB3-44AA-84A5-323938015999}.Ad-Hoc|iPhone.ActiveCfg = Ad-Hoc|iPhone
		{8541B09E-6EB3-44AA-84A5-323938015999}.Ad-Hoc|iPhone.Build.0 = Ad-Hoc|iPhone
		{8541B09E-6EB3-44AA-84A5-323938015999}.Ad-Hoc|iPhoneSimulator.ActiveCfg = Ad-Hoc|iPhoneSimulator
		{8541B09E-6EB3-44AA-84A5-323938015999}.Ad-Hoc|iPhoneSimulator.Build.0 = Ad-Hoc|iPhoneSimulator
		{8541B09E-6EB3-44AA-84A5-323938015999}.Ad-Hoc|x64.ActiveCfg = Ad-Hoc|iPhone
		{8541B09E-6EB3-44AA-84A5-323938015999}.Ad-Hoc|x86.ActiveCfg = Ad-Hoc|iPhone
		{8541B09E-6EB3-44AA-84A5-323938015999}.AppStore|Any CPU.ActiveCfg = AppStore|iPhone
		{8541B09E-6EB3-44AA-84A5-323938015999}.AppStore|ARM.ActiveCfg = AppStore|iPhone
		{8541B09E-6EB3-44AA-84A5-323938015999}.AppStore|iPhone.ActiveCfg = AppStore|iPhone
		{8541B09E-6EB3-44AA-84A5-323938015999}.AppStore|iPhone.Build.0 = AppStore|iPhone
		{8541B09E-6EB3-44AA-84A5-323938015999}.AppStore|iPhoneSimulator.ActiveCfg = AppStore|iPhoneSimulator
		{8541B09E-6EB3-44AA-84A5-323938015999}.AppStore|iPhoneSimulator.Build.0 = AppStore|iPhoneSimulator
		{8541B09E-6EB3-44AA-84A5-323938015999}.AppStore|x64.ActiveCfg = AppStore|iPhone
		{8541B09E-6EB3-44AA-84A5-323938015999}.AppStore|x86.ActiveCfg = AppStore|iPhone
		{8541B09E-6EB3-44AA-84A5-323938015999}.Debug|Any CPU.ActiveCfg = Debug|iPhone
		{8541B09E-6EB3-44AA-84A5-323938015999}.Debug|ARM.ActiveCfg = Debug|iPhone
		{8541B09E-6EB3-44AA-84A5-323938015999}.Debug|iPhone.ActiveCfg = Debug|iPhone
		{8541B09E-6EB3-44AA-84A5-323938015999}.Debug|iPhone.Build.0 = Debug|iPhone
		{8541B09E-6EB3-44AA-84A5-323938015999}.Debug|iPhoneSimulator.ActiveCfg = Debug|iPhoneSimulator
		{8541B09E-6EB3-44AA-84A5-323938015999}.Debug|iPhoneSimulator.Build.0 = Debug|iPhoneSimulator
		{8541B09E-6EB3-44AA-84A5-323938015999}.Debug|x64.ActiveCfg = Debug|iPhone
		{8541B09E-6EB3-44AA-84A5-323938015999}.Debug|x86.ActiveCfg = Debug|iPhone
		{8541B09E-6EB3-44AA-84A5-323938015999}.Release|Any CPU.ActiveCfg = Release|iPhone
		{8541B09E-6EB3-44AA-84A5-323938015999}.Release|ARM.ActiveCfg = Release|iPhone
		{8541B09E-6EB3-44AA-84A5-323938015999}.Release|iPhone.ActiveCfg = Release|iPhone
		{8541B09E-6EB3-44AA-84A5-323938015999}.Release|iPhone.Build.0 = Release|iPhone
		{8541B09E-6EB3-44AA-84A5-323938015999}.Release|iPhoneSimulator.ActiveCfg = Release|iPhoneSimulator
		{8541B09E-6EB3-44AA-84A5-323938015999}.Release|iPhoneSimulator.Build.0 = Release|iPhoneSimulator
		{8541B09E-6EB3-44AA-84A5-323938015999}.Release|x64.ActiveCfg = Release|iPhone
		{8541B09E-6EB3-44AA-84A5-323938015999}.Release|x86.ActiveCfg = Release|iPhone
		{3E272E25-EF2C-4A09-A8BC-4D20C6DAD96F}.Ad-Hoc|Any CPU.ActiveCfg = Release|x86
		{3E272E25-EF2C-4A09-A8BC-4D20C6DAD96F}.Ad-Hoc|Any CPU.Build.0 = Release|x86
		{3E272E25-EF2C-4A09-A8BC-4D20C6DAD96F}.Ad-Hoc|Any CPU.Deploy.0 = Release|x86
		{3E272E25-EF2C-4A09-A8BC-4D20C6DAD96F}.Ad-Hoc|ARM.ActiveCfg = Release|ARM
		{3E272E25-EF2C-4A09-A8BC-4D20C6DAD96F}.Ad-Hoc|ARM.Build.0 = Release|ARM
		{3E272E25-EF2C-4A09-A8BC-4D20C6DAD96F}.Ad-Hoc|ARM.Deploy.0 = Release|ARM
		{3E272E25-EF2C-4A09-A8BC-4D20C6DAD96F}.Ad-Hoc|iPhone.ActiveCfg = Release|x86
		{3E272E25-EF2C-4A09-A8BC-4D20C6DAD96F}.Ad-Hoc|iPhone.Build.0 = Release|x86
		{3E272E25-EF2C-4A09-A8BC-4D20C6DAD96F}.Ad-Hoc|iPhone.Deploy.0 = Release|x86
		{3E272E25-EF2C-4A09-A8BC-4D20C6DAD96F}.Ad-Hoc|iPhoneSimulator.ActiveCfg = Release|x86
		{3E272E25-EF2C-4A09-A8BC-4D20C6DAD96F}.Ad-Hoc|iPhoneSimulator.Build.0 = Release|x86
		{3E272E25-EF2C-4A09-A8BC-4D20C6DAD96F}.Ad-Hoc|iPhoneSimulator.Deploy.0 = Release|x86
		{3E272E25-EF2C-4A09-A8BC-4D20C6DAD96F}.Ad-Hoc|x64.ActiveCfg = Release|x64
		{3E272E25-EF2C-4A09-A8BC-4D20C6DAD96F}.Ad-Hoc|x64.Build.0 = Release|x64
		{3E272E25-EF2C-4A09-A8BC-4D20C6DAD96F}.Ad-Hoc|x64.Deploy.0 = Release|x64
		{3E272E25-EF2C-4A09-A8BC-4D20C6DAD96F}.Ad-Hoc|x86.ActiveCfg = Release|x86
		{3E272E25-EF2C-4A09-A8BC-4D20C6DAD96F}.Ad-Hoc|x86.Build.0 = Release|x86
		{3E272E25-EF2C-4A09-A8BC-4D20C6DAD96F}.Ad-Hoc|x86.Deploy.0 = Release|x86
		{3E272E25-EF2C-4A09-A8BC-4D20C6DAD96F}.AppStore|Any CPU.ActiveCfg = Release|x86
		{3E272E25-EF2C-4A09-A8BC-4D20C6DAD96F}.AppStore|Any CPU.Build.0 = Release|x86
		{3E272E25-EF2C-4A09-A8BC-4D20C6DAD96F}.AppStore|Any CPU.Deploy.0 = Release|x86
		{3E272E25-EF2C-4A09-A8BC-4D20C6DAD96F}.AppStore|ARM.ActiveCfg = Release|ARM
		{3E272E25-EF2C-4A09-A8BC-4D20C6DAD96F}.AppStore|ARM.Build.0 = Release|ARM
		{3E272E25-EF2C-4A09-A8BC-4D20C6DAD96F}.AppStore|ARM.Deploy.0 = Release|ARM
		{3E272E25-EF2C-4A09-A8BC-4D20C6DAD96F}.AppStore|iPhone.ActiveCfg = Release|x86
		{3E272E25-EF2C-4A09-A8BC-4D20C6DAD96F}.AppStore|iPhone.Build.0 = Release|x86
		{3E272E25-EF2C-4A09-A8BC-4D20C6DAD96F}.AppStore|iPhone.Deploy.0 = Release|x86
		{3E272E25-EF2C-4A09-A8BC-4D20C6DAD96F}.AppStore|iPhoneSimulator.ActiveCfg = Release|x86
		{3E272E25-EF2C-4A09-A8BC-4D20C6DAD96F}.AppStore|iPhoneSimulator.Build.0 = Release|x86
		{3E272E25-EF2C-4A09-A8BC-4D20C6DAD96F}.AppStore|iPhoneSimulator.Deploy.0 = Release|x86
		{3E272E25-EF2C-4A09-A8BC-4D20C6DAD96F}.AppStore|x64.ActiveCfg = Release|x64
		{3E272E25-EF2C-4A09-A8BC-4D20C6DAD96F}.AppStore|x64.Build.0 = Release|x64
		{3E272E25-EF2C-4A09-A8BC-4D20C6DAD96F}.AppStore|x64.Deploy.0 = Release|x64
		{3E272E25-EF2C-4A09-A8BC-4D20C6DAD96F}.AppStore|x86.ActiveCfg = Release|x86
		{3E272E25-EF2C-4A09-A8BC-4D20C6DAD96F}.AppStore|x86.Build.0 = Release|x86
		{3E272E25-EF2C-4A09-A8BC-4D20C6DAD96F}.AppStore|x86.Deploy.0 = Release|x86
		{3E272E25-EF2C-4A09-A8BC-4D20C6DAD96F}.Debug|Any CPU.ActiveCfg = Debug|x86
		{3E272E25-EF2C-4A09-A8BC-4D20C6DAD96F}.Debug|ARM.ActiveCfg = Debug|ARM
		{3E272E25-EF2C-4A09-A8BC-4D20C6DAD96F}.Debug|ARM.Build.0 = Debug|ARM
		{3E272E25-EF2C-4A09-A8BC-4D20C6DAD96F}.Debug|ARM.Deploy.0 = Debug|ARM
		{3E272E25-EF2C-4A09-A8BC-4D20C6DAD96F}.Debug|iPhone.ActiveCfg = Debug|x86
		{3E272E25-EF2C-4A09-A8BC-4D20C6DAD96F}.Debug|iPhoneSimulator.ActiveCfg = Debug|x86
		{3E272E25-EF2C-4A09-A8BC-4D20C6DAD96F}.Debug|x64.ActiveCfg = Debug|x64
		{3E272E25-EF2C-4A09-A8BC-4D20C6DAD96F}.Debug|x64.Build.0 = Debug|x64
		{3E272E25-EF2C-4A09-A8BC-4D20C6DAD96F}.Debug|x64.Deploy.0 = Debug|x64
		{3E272E25-EF2C-4A09-A8BC-4D20C6DAD96F}.Debug|x86.ActiveCfg = Debug|x86
		{3E272E25-EF2C-4A09-A8BC-4D20C6DAD96F}.Debug|x86.Build.0 = Debug|x86
		{3E272E25-EF2C-4A09-A8BC-4D20C6DAD96F}.Debug|x86.Deploy.0 = Debug|x86
		{3E272E25-EF2C-4A09-A8BC-4D20C6DAD96F}.Release|Any CPU.ActiveCfg = Release|x86
		{3E272E25-EF2C-4A09-A8BC-4D20C6DAD96F}.Release|ARM.ActiveCfg = Release|ARM
		{3E272E25-EF2C-4A09-A8BC-4D20C6DAD96F}.Release|ARM.Build.0 = Release|ARM
		{3E272E25-EF2C-4A09-A8BC-4D20C6DAD96F}.Release|ARM.Deploy.0 = Release|ARM
		{3E272E25-EF2C-4A09-A8BC-4D20C6DAD96F}.Release|iPhone.ActiveCfg = Release|x86
		{3E272E25-EF2C-4A09-A8BC-4D20C6DAD96F}.Release|iPhoneSimulator.ActiveCfg = Release|x86
		{3E272E25-EF2C-4A09-A8BC-4D20C6DAD96F}.Release|x64.ActiveCfg = Release|x64
		{3E272E25-EF2C-4A09-A8BC-4D20C6DAD96F}.Release|x64.Build.0 = Release|x64
		{3E272E25-EF2C-4A09-A8BC-4D20C6DAD96F}.Release|x64.Deploy.0 = Release|x64
		{3E272E25-EF2C-4A09-A8BC-4D20C6DAD96F}.Release|x86.ActiveCfg = Release|x86
		{3E272E25-EF2C-4A09-A8BC-4D20C6DAD96F}.Release|x86.Build.0 = Release|x86
		{3E272E25-EF2C-4A09-A8BC-4D20C6DAD96F}.Release|x86.Deploy.0 = Release|x86
	EndGlobalSection
	GlobalSection(SolutionProperties) = preSolution
		HideSolutionNode = FALSE
	EndGlobalSection
	GlobalSection(ExtensibilityGlobals) = postSolution
		SolutionGuid = {0A0AE065-60B6-4C24-B854-FA2A377E0826}
	EndGlobalSection
EndGlobal
